// !$*UTF8*$!
{
	archiveVersion = 1;
	classes = {
	};
	objectVersion = 50;
	objects = {

/* Begin PBXBuildFile section */
		FEBF322F24289DD10090B297 /* AppDelegate.swift in Sources */ = {isa = PBXBuildFile; fileRef = FEBF322E24289DD10090B297 /* AppDelegate.swift */; };
		FEBF323124289DD10090B297 /* SceneDelegate.swift in Sources */ = {isa = PBXBuildFile; fileRef = FEBF323024289DD10090B297 /* SceneDelegate.swift */; };
		FEBF323324289DD10090B297 /* ContentView.swift in Sources */ = {isa = PBXBuildFile; fileRef = FEBF323224289DD10090B297 /* ContentView.swift */; };
		FEBF323524289DD30090B297 /* Assets.xcassets in Resources */ = {isa = PBXBuildFile; fileRef = FEBF323424289DD30090B297 /* Assets.xcassets */; };
		FEBF323824289DD30090B297 /* Preview Assets.xcassets in Resources */ = {isa = PBXBuildFile; fileRef = FEBF323724289DD30090B297 /* Preview Assets.xcassets */; };
		FEBF323B24289DD30090B297 /* LaunchScreen.storyboard in Resources */ = {isa = PBXBuildFile; fileRef = FEBF323924289DD30090B297 /* LaunchScreen.storyboard */; };
		FEBF32432428A2A20090B297 /* ColorfulShadow.swift in Sources */ = {isa = PBXBuildFile; fileRef = FEBF32422428A2A20090B297 /* ColorfulShadow.swift */; };
/* End PBXBuildFile section */

/* Begin PBXFileReference section */
		FEBF322B24289DD10090B297 /* ColorfulShadow.app */ = {isa = PBXFileReference; explicitFileType = wrapper.application; includeInIndex = 0; path = ColorfulShadow.app; sourceTree = BUILT_PRODUCTS_DIR; };
		FEBF322E24289DD10090B297 /* AppDelegate.swift */ = {isa = PBXFileReference; lastKnownFileType = sourcecode.swift; path = AppDelegate.swift; sourceTree = "<group>"; };
		FEBF323024289DD10090B297 /* SceneDelegate.swift */ = {isa = PBXFileReference; lastKnownFileType = sourcecode.swift; path = SceneDelegate.swift; sourceTree = "<group>"; };
		FEBF323224289DD10090B297 /* ContentView.swift */ = {isa = PBXFileReference; lastKnownFileType = sourcecode.swift; path = ContentView.swift; sourceTree = "<group>"; };
		FEBF323424289DD30090B297 /* Assets.xcassets */ = {isa = PBXFileReference; lastKnownFileType = folder.assetcatalog; path = Assets.xcassets; sourceTree = "<group>"; };
		FEBF323724289DD30090B297 /* Preview Assets.xcassets */ = {isa = PBXFileReference; lastKnownFileType = folder.assetcatalog; path = "Preview Assets.xcassets"; sourceTree = "<group>"; };
		FEBF323A24289DD30090B297 /* Base */ = {isa = PBXFileReference; lastKnownFileType = file.storyboard; name = Base; path = Base.lproj/LaunchScreen.storyboard; sourceTree = "<group>"; };
		FEBF323C24289DD30090B297 /* Info.plist */ = {isa = PBXFileReference; lastKnownFileType = text.plist.xml; path = Info.plist; sourceTree = "<group>"; };
		FEBF32422428A2A20090B297 /* ColorfulShadow.swift */ = {isa = PBXFileReference; lastKnownFileType = sourcecode.swift; path = ColorfulShadow.swift; sourceTree = "<group>"; };
/* End PBXFileReference section */

/* Begin PBXFrameworksBuildPhase section */
		FEBF322824289DD10090B297 /* Frameworks */ = {
			isa = PBXFrameworksBuildPhase;
			buildActionMask = 2147483647;
			files = (
			);
			runOnlyForDeploymentPostprocessing = 0;
		};
/* End PBXFrameworksBuildPhase section */

/* Begin PBXGroup section */
		FEBF322224289DD10090B297 = {
			isa = PBXGroup;
			children = (
				FEBF322D24289DD10090B297 /* ColorfulShadow */,
				FEBF322C24289DD10090B297 /* Products */,
			);
			sourceTree = "<group>";
		};
		FEBF322C24289DD10090B297 /* Products */ = {
			isa = PBXGroup;
			children = (
				FEBF322B24289DD10090B297 /* ColorfulShadow.app */,
			);
			name = Products;
			sourceTree = "<group>";
		};
		FEBF322D24289DD10090B297 /* ColorfulShadow */ = {
			isa = PBXGroup;
			children = (
				FEBF322E24289DD10090B297 /* AppDelegate.swift */,
				FEBF323024289DD10090B297 /* SceneDelegate.swift */,
				FEBF323224289DD10090B297 /* ContentView.swift */,
				FEBF32422428A2A20090B297 /* ColorfulShadow.swift */,
				FEBF323424289DD30090B297 /* Assets.xcassets */,
				FEBF323924289DD30090B297 /* LaunchScreen.storyboard */,
				FEBF323C24289DD30090B297 /* Info.plist */,
				FEBF323624289DD30090B297 /* Preview Content */,
			);
			path = ColorfulShadow;
			sourceTree = "<group>";
		};
		FEBF323624289DD30090B297 /* Preview Content */ = {
			isa = PBXGroup;
			children = (
				FEBF323724289DD30090B297 /* Preview Assets.xcassets */,
			);
			path = "Preview Content";
			sourceTree = "<group>";
		};
/* End PBXGroup section */

/* Begin PBXNativeTarget section */
		FEBF322A24289DD10090B297 /* ColorfulShadow */ = {
			isa = PBXNativeTarget;
			buildConfigurationList = FEBF323F24289DD30090B297 /* Build configuration list for PBXNativeTarget "ColorfulShadow" */;
			buildPhases = (
				FEBF322724289DD10090B297 /* Sources */,
				FEBF322824289DD10090B297 /* Frameworks */,
				FEBF322924289DD10090B297 /* Resources */,
			);
			buildRules = (
			);
			dependencies = (
			);
			name = ColorfulShadow;
			productName = ColorfulShadow;
			productReference = FEBF322B24289DD10090B297 /* ColorfulShadow.app */;
			productType = "com.apple.product-type.application";
		};
/* End PBXNativeTarget section */

/* Begin PBXProject section */
		FEBF322324289DD10090B297 /* Project object */ = {
			isa = PBXProject;
			attributes = {
				LastSwiftUpdateCheck = 1130;
				LastUpgradeCheck = 1130;
				ORGANIZATIONNAME = BetterLab;
				TargetAttributes = {
					FEBF322A24289DD10090B297 = {
						CreatedOnToolsVersion = 11.3.1;
					};
				};
			};
			buildConfigurationList = FEBF322624289DD10090B297 /* Build configuration list for PBXProject "ColorfulShadow" */;
			compatibilityVersion = "Xcode 9.3";
			developmentRegion = en;
			hasScannedForEncodings = 0;
			knownRegions = (
				en,
				Base,
			);
			mainGroup = FEBF322224289DD10090B297;
			productRefGroup = FEBF322C24289DD10090B297 /* Products */;
			projectDirPath = "";
			projectRoot = "";
			targets = (
				FEBF322A24289DD10090B297 /* ColorfulShadow */,
			);
		};
/* End PBXProject section */

/* Begin PBXResourcesBuildPhase section */
		FEBF322924289DD10090B297 /* Resources */ = {
			isa = PBXResourcesBuildPhase;
			buildActionMask = 2147483647;
			files = (
				FEBF323B24289DD30090B297 /* LaunchScreen.storyboard in Resources */,
				FEBF323824289DD30090B297 /* Preview Assets.xcassets in Resources */,
				FEBF323524289DD30090B297 /* Assets.xcassets in Resources */,
			);
			runOnlyForDeploymentPostprocessing = 0;
		};
/* End PBXResourcesBuildPhase section */

/* Begin PBXSourcesBuildPhase section */
		FEBF322724289DD10090B297 /* Sources */ = {
			isa = PBXSourcesBuildPhase;
			buildActionMask = 2147483647;
			files = (
				FEBF322F24289DD10090B297 /* AppDelegate.swift in Sources */,
				FEBF323124289DD10090B297 /* SceneDelegate.swift in Sources */,
				FEBF323324289DD10090B297 /* ContentView.swift in Sources */,
				FEBF32432428A2A20090B297 /* ColorfulShadow.swift in Sources */,
			);
			runOnlyForDeploymentPostprocessing = 0;
		};
/* End PBXSourcesBuildPhase section */

/* Begin PBXVariantGroup section */
		FEBF323924289DD30090B297 /* LaunchScreen.storyboard */ = {
			isa = PBXVariantGroup;
			children = (
				FEBF323A24289DD30090B297 /* Base */,
			);
			name = LaunchScreen.storyboard;
			sourceTree = "<group>";
		};
/* End PBXVariantGroup section */

/* Begin XCBuildConfiguration section */
		FEBF323D24289DD30090B297 /* Debug */ = {
			isa = XCBuildConfiguration;
			buildSettings = {
				ALWAYS_SEARCH_USER_PATHS = NO;
				CLANG_ANALYZER_NONNULL = YES;
				CLANG_ANALYZER_NUMBER_OBJECT_CONVERSION = YES_AGGRESSIVE;
				CLANG_CXX_LANGUAGE_STANDARD = "gnu++14";
				CLANG_CXX_LIBRARY = "libc++";
				CLANG_ENABLE_MODULES = YES;
				CLANG_ENABLE_OBJC_ARC = YES;
				CLANG_ENABLE_OBJC_WEAK = YES;
				CLANG_WARN_BLOCK_CAPTURE_AUTORELEASING = YES;
				CLANG_WARN_BOOL_CONVERSION = YES;
				CLANG_WARN_COMMA = YES;
				CLANG_WARN_CONSTANT_CONVERSION = YES;
				CLANG_WARN_DEPRECATED_OBJC_IMPLEMENTATIONS = YES;
				CLANG_WARN_DIRECT_OBJC_ISA_USAGE = YES_ERROR;
				CLANG_WARN_DOCUMENTATION_COMMENTS = YES;
				CLANG_WARN_EMPTY_BODY = YES;
				CLANG_WARN_ENUM_CONVERSION = YES;
				CLANG_WARN_INFINITE_RECURSION = YES;
				CLANG_WARN_INT_CONVERSION = YES;
				CLANG_WARN_NON_LITERAL_NULL_CONVERSION = YES;
				CLANG_WARN_OBJC_IMPLICIT_RETAIN_SELF = YES;
				CLANG_WARN_OBJC_LITERAL_CONVERSION = YES;
				CLANG_WARN_OBJC_ROOT_CLASS = YES_ERROR;
				CLANG_WARN_RANGE_LOOP_ANALYSIS = YES;
				CLANG_WARN_STRICT_PROTOTYPES = YES;
				CLANG_WARN_SUSPICIOUS_MOVE = YES;
				CLANG_WARN_UNGUARDED_AVAILABILITY = YES_AGGRESSIVE;
				CLANG_WARN_UNREACHABLE_CODE = YES;
				CLANG_WARN__DUPLICATE_METHOD_MATCH = YES;
				COPY_PHASE_STRIP = NO;
				DEBUG_INFORMATION_FORMAT = dwarf;
				ENABLE_STRICT_OBJC_MSGSEND = YES;
				ENABLE_TESTABILITY = YES;
				GCC_C_LANGUAGE_STANDARD = gnu11;
				GCC_DYNAMIC_NO_PIC = NO;
				GCC_NO_COMMON_BLOCKS = YES;
				GCC_OPTIMIZATION_LEVEL = 0;
				GCC_PREPROCESSOR_DEFINITIONS = (
					"DEBUG=1",
					"$(inherited)",
				);
				GCC_WARN_64_TO_32_BIT_CONVERSION = YES;
				GCC_WARN_ABOUT_RETURN_TYPE = YES_ERROR;
				GCC_WARN_UNDECLARED_SELECTOR = YES;
				GCC_WARN_UNINITIALIZED_AUTOS = YES_AGGRESSIVE;
				GCC_WARN_UNUSED_FUNCTION = YES;
				GCC_WARN_UNUSED_VARIABLE = YES;
				IPHONEOS_DEPLOYMENT_TARGET = 13.2;
				MTL_ENABLE_DEBUG_INFO = INCLUDE_SOURCE;
				MTL_FAST_MATH = YES;
				ONLY_ACTIVE_ARCH = YES;
				SDKROOT = iphoneos;
				SWIFT_ACTIVE_COMPILATION_CONDITIONS = DEBUG;
				SWIFT_OPTIMIZATION_LEVEL = "-Onone";
			};
			name = Debug;
		};
		FEBF323E24289DD30090B297 /* Release */ = {
			isa = XCBuildConfiguration;
			buildSettings = {
				ALWAYS_SEARCH_USER_PATHS = NO;
				CLANG_ANALYZER_NONNULL = YES;
				CLANG_ANALYZER_NUMBER_OBJECT_CONVERSION = YES_AGGRESSIVE;
				CLANG_CXX_LANGUAGE_STANDARD = "gnu++14";
				CLANG_CXX_LIBRARY = "libc++";
				CLANG_ENABLE_MODULES = YES;
				CLANG_ENABLE_OBJC_ARC = YES;
				CLANG_ENABLE_OBJC_WEAK = YES;
				CLANG_WARN_BLOCK_CAPTURE_AUTORELEASING = YES;
				CLANG_WARN_BOOL_CONVERSION = YES;
				CLANG_WARN_COMMA = YES;
				CLANG_WARN_CONSTANT_CONVERSION = YES;
				CLANG_WARN_DEPRECATED_OBJC_IMPLEMENTATIONS = YES;
				CLANG_WARN_DIRECT_OBJC_ISA_USAGE = YES_ERROR;
				CLANG_WARN_DOCUMENTATION_COMMENTS = YES;
				CLANG_WARN_EMPTY_BODY = YES;
				CLANG_WARN_ENUM_CONVERSION = YES;
				CLANG_WARN_INFINITE_RECURSION = YES;
				CLANG_WARN_INT_CONVERSION = YES;
				CLANG_WARN_NON_LITERAL_NULL_CONVERSION = YES;
				CLANG_WARN_OBJC_IMPLICIT_RETAIN_SELF = YES;
				CLANG_WARN_OBJC_LITERAL_CONVERSION = YES;
				CLANG_WARN_OBJC_ROOT_CLASS = YES_ERROR;
				CLANG_WARN_RANGE_LOOP_ANALYSIS = YES;
				CLANG_WARN_STRICT_PROTOTYPES = YES;
				CLANG_WARN_SUSPICIOUS_MOVE = YES;
				CLANG_WARN_UNGUARDED_AVAILABILITY = YES_AGGRESSIVE;
				CLANG_WARN_UNREACHABLE_CODE = YES;
				CLANG_WARN__DUPLICATE_METHOD_MATCH = YES;
				COPY_PHASE_STRIP = NO;
				DEBUG_INFORMATION_FORMAT = "dwarf-with-dsym";
				ENABLE_NS_ASSERTIONS = NO;
				ENABLE_STRICT_OBJC_MSGSEND = YES;
				GCC_C_LANGUAGE_STANDARD = gnu11;
				GCC_NO_COMMON_BLOCKS = YES;
				GCC_WARN_64_TO_32_BIT_CONVERSION = YES;
				GCC_WARN_ABOUT_RETURN_TYPE = YES_ERROR;
				GCC_WARN_UNDECLARED_SELECTOR = YES;
				GCC_WARN_UNINITIALIZED_AUTOS = YES_AGGRESSIVE;
				GCC_WARN_UNUSED_FUNCTION = YES;
				GCC_WARN_UNUSED_VARIABLE = YES;
				IPHONEOS_DEPLOYMENT_TARGET = 13.2;
				MTL_ENABLE_DEBUG_INFO = NO;
				MTL_FAST_MATH = YES;
				SDKROOT = iphoneos;
				SWIFT_COMPILATION_MODE = wholemodule;
				SWIFT_OPTIMIZATION_LEVEL = "-O";
				VALIDATE_PRODUCT = YES;
			};
			name = Release;
		};
		FEBF324024289DD30090B297 /* Debug */ = {
			isa = XCBuildConfiguration;
			buildSettings = {
				ASSETCATALOG_COMPILER_APPICON_NAME = AppIcon;
				CODE_SIGN_STYLE = Automatic;
				DEVELOPMENT_ASSET_PATHS = "\"ColorfulShadow/Preview Content\"";
				DEVELOPMENT_TEAM = PYBUG58W2S;
				ENABLE_PREVIEWS = YES;
				INFOPLIST_FILE = ColorfulShadow/Info.plist;
				LD_RUNPATH_SEARCH_PATHS = (
					"$(inherited)",
					"@executable_path/Frameworks",
				);
				PRODUCT_BUNDLE_IDENTIFIER = com.betterlab.ColorfulShadow;
				PRODUCT_NAME = "$(TARGET_NAME)";
				SWIFT_VERSION = 5.0;
				TARGETED_DEVICE_FAMILY = "1,2";
			};
			name = Debug;
		};
		FEBF324124289DD30090B297 /* Release */ = {
			isa = XCBuildConfiguration;
			buildSettings = {
				ASSETCATALOG_COMPILER_APPICON_NAME = AppIcon;
				CODE_SIGN_STYLE = Automatic;
				DEVELOPMENT_ASSET_PATHS = "\"ColorfulShadow/Preview Content\"";
				DEVELOPMENT_TEAM = PYBUG58W2S;
				ENABLE_PREVIEWS = YES;
				INFOPLIST_FILE = ColorfulShadow/Info.plist;
				LD_RUNPATH_SEARCH_PATHS = (
					"$(inherited)",
					"@executable_path/Frameworks",
				);
				PRODUCT_BUNDLE_IDENTIFIER = com.betterlab.ColorfulShadow;
				PRODUCT_NAME = "$(TARGET_NAME)";
				SWIFT_VERSION = 5.0;
				TARGETED_DEVICE_FAMILY = "1,2";
			};
			name = Release;
		};
/* End XCBuildConfiguration section */

/* Begin XCConfigurationList section */
		FEBF322624289DD10090B297 /* Build configuration list for PBXProject "ColorfulShadow" */ = {
			isa = XCConfigurationList;
			buildConfigurations = (
				FEBF323D24289DD30090B297 /* Debug */,
				FEBF323E24289DD30090B297 /* Release */,
			);
			defaultConfigurationIsVisible = 0;
			defaultConfigurationName = Release;
		};
		FEBF323F24289DD30090B297 /* Build configuration list for PBXNativeTarget "ColorfulShadow" */ = {
			isa = XCConfigurationList;
			buildConfigurations = (
				FEBF324024289DD30090B297 /* Debug */,
				FEBF324124289DD30090B297 /* Release */,
			);
			defaultConfigurationIsVisible = 0;
			defaultConfigurationName = Release;
		};
/* End XCConfigurationList section */
	};
	rootObject = FEBF322324289DD10090B297 /* Project object */;
}
